
Microsoft Visual Studio Solution File, Format Version 12.00
# Visual Studio 15
VisualStudioVersion = 15.0.27130.2036
MinimumVisualStudioVersion = 10.0.40219.1
Project("{FAE04EC0-301F-11D3-BF4B-00C04F79EFBC}") = "MultipleActivites", "MultipleActivites\MultipleActivites.csproj", "{EA509A29-4F51-423A-96F2-880A7A9ECCA7}"
EndProject
Global
	GlobalSection(SolutionConfigurationPlatforms) = preSolution
		Debug|Any CPU = Debug|Any CPU
		Release|Any CPU = Release|Any CPU
	EndGlobalSection
	GlobalSection(ProjectConfigurationPlatforms) = postSolution
		{EA509A29-4F51-423A-96F2-880A7A9ECCA7}.Debug|Any CPU.ActiveCfg = Debug|Any CPU
		{EA509A29-4F51-423A-96F2-880A7A9ECCA7}.Debug|Any CPU.Build.0 = Debug|Any CPU
		{EA509A29-4F51-423A-96F2-880A7A9ECCA7}.Debug|Any CPU.Deploy.0 = Debug|Any CPU
		{EA509A29-4F51-423A-96F2-880A7A9ECCA7}.Release|Any CPU.ActiveCfg = Release|Any CPU
		{EA509A29-4F51-423A-96F2-880A7A9ECCA7}.Release|Any CPU.Build.0 = Release|Any CPU
		{EA509A29-4F51-423A-96F2-880A7A9ECCA7}.Release|Any CPU.Deploy.0 = Release|Any CPU
	EndGlobalSection
	GlobalSection(SolutionProperties) = preSolution
		HideSolutionNode = FALSE
	EndGlobalSection
	GlobalSection(ExtensibilityGlobals) = postSolution
		SolutionGuid = {B148C659-5CE8-4B56-B1EF-CE0FF6B5706B}
	EndGlobalSection
EndGlobal
